
Microsoft Visual Studio Solution File, Format Version 12.00
# Visual Studio Version 16
VisualStudioVersion = 16.0.30413.136
MinimumVisualStudioVersion = 10.0.40219.1
Project("{9A19103F-16F7-4668-BE54-9A1E7A4F7556}") = "WebCrawler", "WebCrawler\WebCrawler.csproj", "{10E80C77-1D3C-497E-8F58-87D20A929FB0}"
	ProjectSection(ProjectDependencies) = postProject
		{F9759E3F-5BFE-4CED-82A4-89F097E01D62} = {F9759E3F-5BFE-4CED-82A4-89F097E01D62}
	EndProjectSection
EndProject
Project("{9A19103F-16F7-4668-BE54-9A1E7A4F7556}") = "Cli", "Cli\Cli.csproj", "{8752E5E4-009B-4E54-B07F-BD5C5B8A798D}"
	ProjectSection(ProjectDependencies) = postProject
		{10E80C77-1D3C-497E-8F58-87D20A929FB0} = {10E80C77-1D3C-497E-8F58-87D20A929FB0}
	EndProjectSection
EndProject
Project("{9A19103F-16F7-4668-BE54-9A1E7A4F7556}") = "Server", "Server\Server.csproj", "{65749314-33BD-4863-B270-4E876AB0CB73}"
	ProjectSection(ProjectDependencies) = postProject
		{F9759E3F-5BFE-4CED-82A4-89F097E01D62} = {F9759E3F-5BFE-4CED-82A4-89F097E01D62}
		{10E80C77-1D3C-497E-8F58-87D20A929FB0} = {10E80C77-1D3C-497E-8F58-87D20A929FB0}
	EndProjectSection
EndProject
Project("{9A19103F-16F7-4668-BE54-9A1E7A4F7556}") = "WebUtil", "WebUtil\WebUtil.csproj", "{F9759E3F-5BFE-4CED-82A4-89F097E01D62}"
EndProject
Global
	GlobalSection(SolutionConfigurationPlatforms) = preSolution
		Debug|Any CPU = Debug|Any CPU
		Release|Any CPU = Release|Any CPU
	EndGlobalSection
	GlobalSection(ProjectConfigurationPlatforms) = postSolution
		{10E80C77-1D3C-497E-8F58-87D20A929FB0}.Debug|Any CPU.ActiveCfg = Debug|Any CPU
		{10E80C77-1D3C-497E-8F58-87D20A929FB0}.Debug|Any CPU.Build.0 = Debug|Any CPU
		{10E80C77-1D3C-497E-8F58-87D20A929FB0}.Release|Any CPU.ActiveCfg = Release|Any CPU
		{10E80C77-1D3C-497E-8F58-87D20A929FB0}.Release|Any CPU.Build.0 = Release|Any CPU
		{8752E5E4-009B-4E54-B07F-BD5C5B8A798D}.Debug|Any CPU.ActiveCfg = Debug|Any CPU
		{8752E5E4-009B-4E54-B07F-BD5C5B8A798D}.Debug|Any CPU.Build.0 = Debug|Any CPU
		{8752E5E4-009B-4E54-B07F-BD5C5B8A798D}.Release|Any CPU.ActiveCfg = Release|Any CPU
		{8752E5E4-009B-4E54-B07F-BD5C5B8A798D}.Release|Any CPU.Build.0 = Release|Any CPU
		{65749314-33BD-4863-B270-4E876AB0CB73}.Debug|Any CPU.ActiveCfg = Debug|Any CPU
		{65749314-33BD-4863-B270-4E876AB0CB73}.Debug|Any CPU.Build.0 = Debug|Any CPU
		{65749314-33BD-4863-B270-4E876AB0CB73}.Release|Any CPU.ActiveCfg = Release|Any CPU
		{65749314-33BD-4863-B270-4E876AB0CB73}.Release|Any CPU.Build.0 = Release|Any CPU
		{F9759E3F-5BFE-4CED-82A4-89F097E01D62}.Debug|Any CPU.ActiveCfg = Debug|Any CPU
		{F9759E3F-5BFE-4CED-82A4-89F097E01D62}.Debug|Any CPU.Build.0 = Debug|Any CPU
		{F9759E3F-5BFE-4CED-82A4-89F097E01D62}.Release|Any CPU.ActiveCfg = Release|Any CPU
		{F9759E3F-5BFE-4CED-82A4-89F097E01D62}.Release|Any CPU.Build.0 = Release|Any CPU
	EndGlobalSection
	GlobalSection(SolutionProperties) = preSolution
		HideSolutionNode = FALSE
	EndGlobalSection
	GlobalSection(ExtensibilityGlobals) = postSolution
		SolutionGuid = {B77D2EA3-80ED-4BD2-B5D1-4343DE6C4F57}
	EndGlobalSection
EndGlobal
